// !$*UTF8*$!
{
	archiveVersion = 1;
	classes = {
	};
	objectVersion = 50;
	objects = {

/* Begin PBXBuildFile section */
		E8A8EC0223D938C600A97CB3 /* AppDelegate.swift in Sources */ = {isa = PBXBuildFile; fileRef = E8A8EC0123D938C600A97CB3 /* AppDelegate.swift */; };
		E8A8EC0423D938C600A97CB3 /* SceneDelegate.swift in Sources */ = {isa = PBXBuildFile; fileRef = E8A8EC0323D938C600A97CB3 /* SceneDelegate.swift */; };
		E8A8EC0623D938C600A97CB3 /* ViewController.swift in Sources */ = {isa = PBXBuildFile; fileRef = E8A8EC0523D938C600A97CB3 /* ViewController.swift */; };
		E8A8EC0923D938C600A97CB3 /* Main.storyboard in Resources */ = {isa = PBXBuildFile; fileRef = E8A8EC0723D938C600A97CB3 /* Main.storyboard */; };
		E8A8EC0B23D938C800A97CB3 /* Assets.xcassets in Resources */ = {isa = PBXBuildFile; fileRef = E8A8EC0A23D938C800A97CB3 /* Assets.xcassets */; };
		E8A8EC0E23D938C800A97CB3 /* LaunchScreen.storyboard in Resources */ = {isa = PBXBuildFile; fileRef = E8A8EC0C23D938C800A97CB3 /* LaunchScreen.storyboard */; };
		E8A8EC1923D938C800A97CB3 /* Tip_CalculatorTests.swift in Sources */ = {isa = PBXBuildFile; fileRef = E8A8EC1823D938C800A97CB3 /* Tip_CalculatorTests.swift */; };
		E8A8EC2423D938C800A97CB3 /* Tip_CalculatorUITests.swift in Sources */ = {isa = PBXBuildFile; fileRef = E8A8EC2323D938C800A97CB3 /* Tip_CalculatorUITests.swift */; };
/* End PBXBuildFile section */

/* Begin PBXContainerItemProxy section */
		E8A8EC1523D938C800A97CB3 /* PBXContainerItemProxy */ = {
			isa = PBXContainerItemProxy;
			containerPortal = E8A8EBF623D938C600A97CB3 /* Project object */;
			proxyType = 1;
			remoteGlobalIDString = E8A8EBFD23D938C600A97CB3;
			remoteInfo = "Tip Calculator";
		};
		E8A8EC2023D938C800A97CB3 /* PBXContainerItemProxy */ = {
			isa = PBXContainerItemProxy;
			containerPortal = E8A8EBF623D938C600A97CB3 /* Project object */;
			proxyType = 1;
			remoteGlobalIDString = E8A8EBFD23D938C600A97CB3;
			remoteInfo = "Tip Calculator";
		};
/* End PBXContainerItemProxy section */

/* Begin PBXFileReference section */
		E8A8EBFE23D938C600A97CB3 /* Tip Calculator.app */ = {isa = PBXFileReference; explicitFileType = wrapper.application; includeInIndex = 0; path = "Tip Calculator.app"; sourceTree = BUILT_PRODUCTS_DIR; };
		E8A8EC0123D938C600A97CB3 /* AppDelegate.swift */ = {isa = PBXFileReference; lastKnownFileType = sourcecode.swift; path = AppDelegate.swift; sourceTree = "<group>"; };
		E8A8EC0323D938C600A97CB3 /* SceneDelegate.swift */ = {isa = PBXFileReference; lastKnownFileType = sourcecode.swift; path = SceneDelegate.swift; sourceTree = "<group>"; };
		E8A8EC0523D938C600A97CB3 /* ViewController.swift */ = {isa = PBXFileReference; lastKnownFileType = sourcecode.swift; path = ViewController.swift; sourceTree = "<group>"; };
		E8A8EC0823D938C600A97CB3 /* Base */ = {isa = PBXFileReference; lastKnownFileType = file.storyboard; name = Base; path = Base.lproj/Main.storyboard; sourceTree = "<group>"; };
		E8A8EC0A23D938C800A97CB3 /* Assets.xcassets */ = {isa = PBXFileReference; lastKnownFileType = folder.assetcatalog; path = Assets.xcassets; sourceTree = "<group>"; };
		E8A8EC0D23D938C800A97CB3 /* Base */ = {isa = PBXFileReference; lastKnownFileType = file.storyboard; name = Base; path = Base.lproj/LaunchScreen.storyboard; sourceTree = "<group>"; };
		E8A8EC0F23D938C800A97CB3 /* Info.plist */ = {isa = PBXFileReference; lastKnownFileType = text.plist.xml; path = Info.plist; sourceTree = "<group>"; };
		E8A8EC1423D938C800A97CB3 /* Tip CalculatorTests.xctest */ = {isa = PBXFileReference; explicitFileType = wrapper.cfbundle; includeInIndex = 0; path = "Tip CalculatorTests.xctest"; sourceTree = BUILT_PRODUCTS_DIR; };
		E8A8EC1823D938C800A97CB3 /* Tip_CalculatorTests.swift */ = {isa = PBXFileReference; lastKnownFileType = sourcecode.swift; path = Tip_CalculatorTests.swift; sourceTree = "<group>"; };
		E8A8EC1A23D938C800A97CB3 /* Info.plist */ = {isa = PBXFileReference; lastKnownFileType = text.plist.xml; path = Info.plist; sourceTree = "<group>"; };
		E8A8EC1F23D938C800A97CB3 /* Tip CalculatorUITests.xctest */ = {isa = PBXFileReference; explicitFileType = wrapper.cfbundle; includeInIndex = 0; path = "Tip CalculatorUITests.xctest"; sourceTree = BUILT_PRODUCTS_DIR; };
		E8A8EC2323D938C800A97CB3 /* Tip_CalculatorUITests.swift */ = {isa = PBXFileReference; lastKnownFileType = sourcecode.swift; path = Tip_CalculatorUITests.swift; sourceTree = "<group>"; };
		E8A8EC2523D938C800A97CB3 /* Info.plist */ = {isa = PBXFileReference; lastKnownFileType = text.plist.xml; path = Info.plist; sourceTree = "<group>"; };
/* End PBXFileReference section */

/* Begin PBXFrameworksBuildPhase section */
		E8A8EBFB23D938C600A97CB3 /* Frameworks */ = {
			isa = PBXFrameworksBuildPhase;
			buildActionMask = 2147483647;
			files = (
			);
			runOnlyForDeploymentPostprocessing = 0;
		};
		E8A8EC1123D938C800A97CB3 /* Frameworks */ = {
			isa = PBXFrameworksBuildPhase;
			buildActionMask = 2147483647;
			files = (
			);
			runOnlyForDeploymentPostprocessing = 0;
		};
		E8A8EC1C23D938C800A97CB3 /* Frameworks */ = {
			isa = PBXFrameworksBuildPhase;
			buildActionMask = 2147483647;
			files = (
			);
			runOnlyForDeploymentPostprocessing = 0;
		};
/* End PBXFrameworksBuildPhase section */

/* Begin PBXGroup section */
		E8A8EBF523D938C600A97CB3 = {
			isa = PBXGroup;
			children = (
				E8A8EC0023D938C600A97CB3 /* Tip Calculator */,
				E8A8EC1723D938C800A97CB3 /* Tip CalculatorTests */,
				E8A8EC2223D938C800A97CB3 /* Tip CalculatorUITests */,
				E8A8EBFF23D938C600A97CB3 /* Products */,
			);
			sourceTree = "<group>";
		};
		E8A8EBFF23D938C600A97CB3 /* Products */ = {
			isa = PBXGroup;
			children = (
				E8A8EBFE23D938C600A97CB3 /* Tip Calculator.app */,
				E8A8EC1423D938C800A97CB3 /* Tip CalculatorTests.xctest */,
				E8A8EC1F23D938C800A97CB3 /* Tip CalculatorUITests.xctest */,
			);
			name = Products;
			sourceTree = "<group>";
		};
		E8A8EC0023D938C600A97CB3 /* Tip Calculator */ = {
			isa = PBXGroup;
			children = (
				E8A8EC0123D938C600A97CB3 /* AppDelegate.swift */,
				E8A8EC0323D938C600A97CB3 /* SceneDelegate.swift */,
				E8A8EC0523D938C600A97CB3 /* ViewController.swift */,
				E8A8EC0723D938C600A97CB3 /* Main.storyboard */,
				E8A8EC0A23D938C800A97CB3 /* Assets.xcassets */,
				E8A8EC0C23D938C800A97CB3 /* LaunchScreen.storyboard */,
				E8A8EC0F23D938C800A97CB3 /* Info.plist */,
			);
			path = "Tip Calculator";
			sourceTree = "<group>";
		};
		E8A8EC1723D938C800A97CB3 /* Tip CalculatorTests */ = {
			isa = PBXGroup;
			children = (
				E8A8EC1823D938C800A97CB3 /* Tip_CalculatorTests.swift */,
				E8A8EC1A23D938C800A97CB3 /* Info.plist */,
			);
			path = "Tip CalculatorTests";
			sourceTree = "<group>";
		};
		E8A8EC2223D938C800A97CB3 /* Tip CalculatorUITests */ = {
			isa = PBXGroup;
			children = (
				E8A8EC2323D938C800A97CB3 /* Tip_CalculatorUITests.swift */,
				E8A8EC2523D938C800A97CB3 /* Info.plist */,
			);
			path = "Tip CalculatorUITests";
			sourceTree = "<group>";
		};
/* End PBXGroup section */

/* Begin PBXNativeTarget section */
		E8A8EBFD23D938C600A97CB3 /* Tip Calculator */ = {
			isa = PBXNativeTarget;
			buildConfigurationList = E8A8EC2823D938C800A97CB3 /* Build configuration list for PBXNativeTarget "Tip Calculator" */;
			buildPhases = (
				E8A8EBFA23D938C600A97CB3 /* Sources */,
				E8A8EBFB23D938C600A97CB3 /* Frameworks */,
				E8A8EBFC23D938C600A97CB3 /* Resources */,
			);
			buildRules = (
			);
			dependencies = (
			);
			name = "Tip Calculator";
			productName = "Tip Calculator";
			productReference = E8A8EBFE23D938C600A97CB3 /* Tip Calculator.app */;
			productType = "com.apple.product-type.application";
		};
		E8A8EC1323D938C800A97CB3 /* Tip CalculatorTests */ = {
			isa = PBXNativeTarget;
			buildConfigurationList = E8A8EC2B23D938C800A97CB3 /* Build configuration list for PBXNativeTarget "Tip CalculatorTests" */;
			buildPhases = (
				E8A8EC1023D938C800A97CB3 /* Sources */,
				E8A8EC1123D938C800A97CB3 /* Frameworks */,
				E8A8EC1223D938C800A97CB3 /* Resources */,
			);
			buildRules = (
			);
			dependencies = (
				E8A8EC1623D938C800A97CB3 /* PBXTargetDependency */,
			);
			name = "Tip CalculatorTests";
			productName = "Tip CalculatorTests";
			productReference = E8A8EC1423D938C800A97CB3 /* Tip CalculatorTests.xctest */;
			productType = "com.apple.product-type.bundle.unit-test";
		};
		E8A8EC1E23D938C800A97CB3 /* Tip CalculatorUITests */ = {
			isa = PBXNativeTarget;
			buildConfigurationList = E8A8EC2E23D938C800A97CB3 /* Build configuration list for PBXNativeTarget "Tip CalculatorUITests" */;
			buildPhases = (
				E8A8EC1B23D938C800A97CB3 /* Sources */,
				E8A8EC1C23D938C800A97CB3 /* Frameworks */,
				E8A8EC1D23D938C800A97CB3 /* Resources */,
			);
			buildRules = (
			);
			dependencies = (
				E8A8EC2123D938C800A97CB3 /* PBXTargetDependency */,
			);
			name = "Tip CalculatorUITests";
			productName = "Tip CalculatorUITests";
			productReference = E8A8EC1F23D938C800A97CB3 /* Tip CalculatorUITests.xctest */;
			productType = "com.apple.product-type.bundle.ui-testing";
		};
/* End PBXNativeTarget section */

/* Begin PBXProject section */
		E8A8EBF623D938C600A97CB3 /* Project object */ = {
			isa = PBXProject;
			attributes = {
				LastSwiftUpdateCheck = 1130;
				LastUpgradeCheck = 1130;
				ORGANIZATIONNAME = SL;
				TargetAttributes = {
					E8A8EBFD23D938C600A97CB3 = {
						CreatedOnToolsVersion = 11.3.1;
					};
					E8A8EC1323D938C800A97CB3 = {
						CreatedOnToolsVersion = 11.3.1;
						TestTargetID = E8A8EBFD23D938C600A97CB3;
					};
					E8A8EC1E23D938C800A97CB3 = {
						CreatedOnToolsVersion = 11.3.1;
						TestTargetID = E8A8EBFD23D938C600A97CB3;
					};
				};
			};
			buildConfigurationList = E8A8EBF923D938C600A97CB3 /* Build configuration list for PBXProject "Tip Calculator" */;
			compatibilityVersion = "Xcode 9.3";
			developmentRegion = en;
			hasScannedForEncodings = 0;
			knownRegions = (
				en,
				Base,
			);
			mainGroup = E8A8EBF523D938C600A97CB3;
			productRefGroup = E8A8EBFF23D938C600A97CB3 /* Products */;
			projectDirPath = "";
			projectRoot = "";
			targets = (
				E8A8EBFD23D938C600A97CB3 /* Tip Calculator */,
				E8A8EC1323D938C800A97CB3 /* Tip CalculatorTests */,
				E8A8EC1E23D938C800A97CB3 /* Tip CalculatorUITests */,
			);
		};
/* End PBXProject section */

/* Begin PBXResourcesBuildPhase section */
		E8A8EBFC23D938C600A97CB3 /* Resources */ = {
			isa = PBXResourcesBuildPhase;
			buildActionMask = 2147483647;
			files = (
				E8A8EC0E23D938C800A97CB3 /* LaunchScreen.storyboard in Resources */,
				E8A8EC0B23D938C800A97CB3 /* Assets.xcassets in Resources */,
				E8A8EC0923D938C600A97CB3 /* Main.storyboard in Resources */,
			);
			runOnlyForDeploymentPostprocessing = 0;
		};
		E8A8EC1223D938C800A97CB3 /* Resources */ = {
			isa = PBXResourcesBuildPhase;
			buildActionMask = 2147483647;
			files = (
			);
			runOnlyForDeploymentPostprocessing = 0;
		};
		E8A8EC1D23D938C800A97CB3 /* Resources */ = {
			isa = PBXResourcesBuildPhase;
			buildActionMask = 2147483647;
			files = (
			);
			runOnlyForDeploymentPostprocessing = 0;
		};
/* End PBXResourcesBuildPhase section */

/* Begin PBXSourcesBuildPhase section */
		E8A8EBFA23D938C600A97CB3 /* Sources */ = {
			isa = PBXSourcesBuildPhase;
			buildActionMask = 2147483647;
			files = (
				E8A8EC0623D938C600A97CB3 /* ViewController.swift in Sources */,
				E8A8EC0223D938C600A97CB3 /* AppDelegate.swift in Sources */,
				E8A8EC0423D938C600A97CB3 /* SceneDelegate.swift in Sources */,
			);
			runOnlyForDeploymentPostprocessing = 0;
		};
		E8A8EC1023D938C800A97CB3 /* Sources */ = {
			isa = PBXSourcesBuildPhase;
			buildActionMask = 2147483647;
			files = (
				E8A8EC1923D938C800A97CB3 /* Tip_CalculatorTests.swift in Sources */,
			);
			runOnlyForDeploymentPostprocessing = 0;
		};
		E8A8EC1B23D938C800A97CB3 /* Sources */ = {
			isa = PBXSourcesBuildPhase;
			buildActionMask = 2147483647;
			files = (
				E8A8EC2423D938C800A97CB3 /* Tip_CalculatorUITests.swift in Sources */,
			);
			runOnlyForDeploymentPostprocessing = 0;
		};
/* End PBXSourcesBuildPhase section */

/* Begin PBXTargetDependency section */
		E8A8EC1623D938C800A97CB3 /* PBXTargetDependency */ = {
			isa = PBXTargetDependency;
			target = E8A8EBFD23D938C600A97CB3 /* Tip Calculator */;
			targetProxy = E8A8EC1523D938C800A97CB3 /* PBXContainerItemProxy */;
		};
		E8A8EC2123D938C800A97CB3 /* PBXTargetDependency */ = {
			isa = PBXTargetDependency;
			target = E8A8EBFD23D938C600A97CB3 /* Tip Calculator */;
			targetProxy = E8A8EC2023D938C800A97CB3 /* PBXContainerItemProxy */;
		};
/* End PBXTargetDependency section */

/* Begin PBXVariantGroup section */
		E8A8EC0723D938C600A97CB3 /* Main.storyboard */ = {
			isa = PBXVariantGroup;
			children = (
				E8A8EC0823D938C600A97CB3 /* Base */,
			);
			name = Main.storyboard;
			sourceTree = "<group>";
		};
		E8A8EC0C23D938C800A97CB3 /* LaunchScreen.storyboard */ = {
			isa = PBXVariantGroup;
			children = (
				E8A8EC0D23D938C800A97CB3 /* Base */,
			);
			name = LaunchScreen.storyboard;
			sourceTree = "<group>";
		};
/* End PBXVariantGroup section */

/* Begin XCBuildConfiguration section */
		E8A8EC2623D938C800A97CB3 /* Debug */ = {
			isa = XCBuildConfiguration;
			buildSettings = {
				ALWAYS_SEARCH_USER_PATHS = NO;
				CLANG_ANALYZER_NONNULL = YES;
				CLANG_ANALYZER_NUMBER_OBJECT_CONVERSION = YES_AGGRESSIVE;
				CLANG_CXX_LANGUAGE_STANDARD = "gnu++14";
				CLANG_CXX_LIBRARY = "libc++";
				CLANG_ENABLE_MODULES = YES;
				CLANG_ENABLE_OBJC_ARC = YES;
				CLANG_ENABLE_OBJC_WEAK = YES;
				CLANG_WARN_BLOCK_CAPTURE_AUTORELEASING = YES;
				CLANG_WARN_BOOL_CONVERSION = YES;
				CLANG_WARN_COMMA = YES;
				CLANG_WARN_CONSTANT_CONVERSION = YES;
				CLANG_WARN_DEPRECATED_OBJC_IMPLEMENTATIONS = YES;
				CLANG_WARN_DIRECT_OBJC_ISA_USAGE = YES_ERROR;
				CLANG_WARN_DOCUMENTATION_COMMENTS = YES;
				CLANG_WARN_EMPTY_BODY = YES;
				CLANG_WARN_ENUM_CONVERSION = YES;
				CLANG_WARN_INFINITE_RECURSION = YES;
				CLANG_WARN_INT_CONVERSION = YES;
				CLANG_WARN_NON_LITERAL_NULL_CONVERSION = YES;
				CLANG_WARN_OBJC_IMPLICIT_RETAIN_SELF = YES;
				CLANG_WARN_OBJC_LITERAL_CONVERSION = YES;
				CLANG_WARN_OBJC_ROOT_CLASS = YES_ERROR;
				CLANG_WARN_RANGE_LOOP_ANALYSIS = YES;
				CLANG_WARN_STRICT_PROTOTYPES = YES;
				CLANG_WARN_SUSPICIOUS_MOVE = YES;
				CLANG_WARN_UNGUARDED_AVAILABILITY = YES_AGGRESSIVE;
				CLANG_WARN_UNREACHABLE_CODE = YES;
				CLANG_WARN__DUPLICATE_METHOD_MATCH = YES;
				COPY_PHASE_STRIP = NO;
				DEBUG_INFORMATION_FORMAT = dwarf;
				ENABLE_STRICT_OBJC_MSGSEND = YES;
				ENABLE_TESTABILITY = YES;
				GCC_C_LANGUAGE_STANDARD = gnu11;
				GCC_DYNAMIC_NO_PIC = NO;
				GCC_NO_COMMON_BLOCKS = YES;
				GCC_OPTIMIZATION_LEVEL = 0;
				GCC_PREPROCESSOR_DEFINITIONS = (
					"DEBUG=1",
					"$(inherited)",
				);
				GCC_WARN_64_TO_32_BIT_CONVERSION = YES;
				GCC_WARN_ABOUT_RETURN_TYPE = YES_ERROR;
				GCC_WARN_UNDECLARED_SELECTOR = YES;
				GCC_WARN_UNINITIALIZED_AUTOS = YES_AGGRESSIVE;
				GCC_WARN_UNUSED_FUNCTION = YES;
				GCC_WARN_UNUSED_VARIABLE = YES;
				IPHONEOS_DEPLOYMENT_TARGET = 13.2;
				MTL_ENABLE_DEBUG_INFO = INCLUDE_SOURCE;
				MTL_FAST_MATH = YES;
				ONLY_ACTIVE_ARCH = YES;
				SDKROOT = iphoneos;
				SWIFT_ACTIVE_COMPILATION_CONDITIONS = DEBUG;
				SWIFT_OPTIMIZATION_LEVEL = "-Onone";
			};
			name = Debug;
		};
		E8A8EC2723D938C800A97CB3 /* Release */ = {
			isa = XCBuildConfiguration;
			buildSettings = {
				ALWAYS_SEARCH_USER_PATHS = NO;
				CLANG_ANALYZER_NONNULL = YES;
				CLANG_ANALYZER_NUMBER_OBJECT_CONVERSION = YES_AGGRESSIVE;
				CLANG_CXX_LANGUAGE_STANDARD = "gnu++14";
				CLANG_CXX_LIBRARY = "libc++";
				CLANG_ENABLE_MODULES = YES;
				CLANG_ENABLE_OBJC_ARC = YES;
				CLANG_ENABLE_OBJC_WEAK = YES;
				CLANG_WARN_BLOCK_CAPTURE_AUTORELEASING = YES;
				CLANG_WARN_BOOL_CONVERSION = YES;
				CLANG_WARN_COMMA = YES;
				CLANG_WARN_CONSTANT_CONVERSION = YES;
				CLANG_WARN_DEPRECATED_OBJC_IMPLEMENTATIONS = YES;
				CLANG_WARN_DIRECT_OBJC_ISA_USAGE = YES_ERROR;
				CLANG_WARN_DOCUMENTATION_COMMENTS = YES;
				CLANG_WARN_EMPTY_BODY = YES;
				CLANG_WARN_ENUM_CONVERSION = YES;
				CLANG_WARN_INFINITE_RECURSION = YES;
				CLANG_WARN_INT_CONVERSION = YES;
				CLANG_WARN_NON_LITERAL_NULL_CONVERSION = YES;
				CLANG_WARN_OBJC_IMPLICIT_RETAIN_SELF = YES;
				CLANG_WARN_OBJC_LITERAL_CONVERSION = YES;
				CLANG_WARN_OBJC_ROOT_CLASS = YES_ERROR;
				CLANG_WARN_RANGE_LOOP_ANALYSIS = YES;
				CLANG_WARN_STRICT_PROTOTYPES = YES;
				CLANG_WARN_SUSPICIOUS_MOVE = YES;
				CLANG_WARN_UNGUARDED_AVAILABILITY = YES_AGGRESSIVE;
				CLANG_WARN_UNREACHABLE_CODE = YES;
				CLANG_WARN__DUPLICATE_METHOD_MATCH = YES;
				COPY_PHASE_STRIP = NO;
				DEBUG_INFORMATION_FORMAT = "dwarf-with-dsym";
				ENABLE_NS_ASSERTIONS = NO;
				ENABLE_STRICT_OBJC_MSGSEND = YES;
				GCC_C_LANGUAGE_STANDARD = gnu11;
				GCC_NO_COMMON_BLOCKS = YES;
				GCC_WARN_64_TO_32_BIT_CONVERSION = YES;
				GCC_WARN_ABOUT_RETURN_TYPE = YES_ERROR;
				GCC_WARN_UNDECLARED_SELECTOR = YES;
				GCC_WARN_UNINITIALIZED_AUTOS = YES_AGGRESSIVE;
				GCC_WARN_UNUSED_FUNCTION = YES;
				GCC_WARN_UNUSED_VARIABLE = YES;
				IPHONEOS_DEPLOYMENT_TARGET = 13.2;
				MTL_ENABLE_DEBUG_INFO = NO;
				MTL_FAST_MATH = YES;
				SDKROOT = iphoneos;
				SWIFT_COMPILATION_MODE = wholemodule;
				SWIFT_OPTIMIZATION_LEVEL = "-O";
				VALIDATE_PRODUCT = YES;
			};
			name = Release;
		};
		E8A8EC2923D938C800A97CB3 /* Debug */ = {
			isa = XCBuildConfiguration;
			buildSettings = {
				ASSETCATALOG_COMPILER_APPICON_NAME = AppIcon;
				CODE_SIGN_STYLE = Automatic;
				INFOPLIST_FILE = "Tip Calculator/Info.plist";
				LD_RUNPATH_SEARCH_PATHS = (
					"$(inherited)",
					"@executable_path/Frameworks",
				);
				PRODUCT_BUNDLE_IDENTIFIER = "SLei.Tip-Calculator";
				PRODUCT_NAME = "$(TARGET_NAME)";
				SWIFT_VERSION = 5.0;
				TARGETED_DEVICE_FAMILY = "1,2";
			};
			name = Debug;
		};
		E8A8EC2A23D938C800A97CB3 /* Release */ = {
			isa = XCBuildConfiguration;
			buildSettings = {
				ASSETCATALOG_COMPILER_APPICON_NAME = AppIcon;
				CODE_SIGN_STYLE = Automatic;
				INFOPLIST_FILE = "Tip Calculator/Info.plist";
				LD_RUNPATH_SEARCH_PATHS = (
					"$(inherited)",
					"@executable_path/Frameworks",
				);
				PRODUCT_BUNDLE_IDENTIFIER = "SLei.Tip-Calculator";
				PRODUCT_NAME = "$(TARGET_NAME)";
				SWIFT_VERSION = 5.0;
				TARGETED_DEVICE_FAMILY = "1,2";
			};
			name = Release;
		};
		E8A8EC2C23D938C800A97CB3 /* Debug */ = {
			isa = XCBuildConfiguration;
			buildSettings = {
				ALWAYS_EMBED_SWIFT_STANDARD_LIBRARIES = YES;
				BUNDLE_LOADER = "$(TEST_HOST)";
				CODE_SIGN_STYLE = Automatic;
				INFOPLIST_FILE = "Tip CalculatorTests/Info.plist";
				IPHONEOS_DEPLOYMENT_TARGET = 13.2;
				LD_RUNPATH_SEARCH_PATHS = (
					"$(inherited)",
					"@executable_path/Frameworks",
					"@loader_path/Frameworks",
				);
				PRODUCT_BUNDLE_IDENTIFIER = "SLei.Tip-CalculatorTests";
				PRODUCT_NAME = "$(TARGET_NAME)";
				SWIFT_VERSION = 5.0;
				TARGETED_DEVICE_FAMILY = "1,2";
				TEST_HOST = "$(BUILT_PRODUCTS_DIR)/Tip Calculator.app/Tip Calculator";
			};
			name = Debug;
		};
		E8A8EC2D23D938C800A97CB3 /* Release */ = {
			isa = XCBuildConfiguration;
			buildSettings = {
				ALWAYS_EMBED_SWIFT_STANDARD_LIBRARIES = YES;
				BUNDLE_LOADER = "$(TEST_HOST)";
				CODE_SIGN_STYLE = Automatic;
				INFOPLIST_FILE = "Tip CalculatorTests/Info.plist";
				IPHONEOS_DEPLOYMENT_TARGET = 13.2;
				LD_RUNPATH_SEARCH_PATHS = (
					"$(inherited)",
					"@executable_path/Frameworks",
					"@loader_path/Frameworks",
				);
				PRODUCT_BUNDLE_IDENTIFIER = "SLei.Tip-CalculatorTests";
				PRODUCT_NAME = "$(TARGET_NAME)";
				SWIFT_VERSION = 5.0;
				TARGETED_DEVICE_FAMILY = "1,2";
				TEST_HOST = "$(BUILT_PRODUCTS_DIR)/Tip Calculator.app/Tip Calculator";
			};
			name = Release;
		};
		E8A8EC2F23D938C800A97CB3 /* Debug */ = {
			isa = XCBuildConfiguration;
			buildSettings = {
				ALWAYS_EMBED_SWIFT_STANDARD_LIBRARIES = YES;
				CODE_SIGN_STYLE = Automatic;
				INFOPLIST_FILE = "Tip CalculatorUITests/Info.plist";
				LD_RUNPATH_SEARCH_PATHS = (
					"$(inherited)",
					"@executable_path/Frameworks",
					"@loader_path/Frameworks",
				);
				PRODUCT_BUNDLE_IDENTIFIER = "SLei.Tip-CalculatorUITests";
				PRODUCT_NAME = "$(TARGET_NAME)";
				SWIFT_VERSION = 5.0;
				TARGETED_DEVICE_FAMILY = "1,2";
				TEST_TARGET_NAME = "Tip Calculator";
			};
			name = Debug;
		};
		E8A8EC3023D938C800A97CB3 /* Release */ = {
			isa = XCBuildConfiguration;
			buildSettings = {
				ALWAYS_EMBED_SWIFT_STANDARD_LIBRARIES = YES;
				CODE_SIGN_STYLE = Automatic;
				INFOPLIST_FILE = "Tip CalculatorUITests/Info.plist";
				LD_RUNPATH_SEARCH_PATHS = (
					"$(inherited)",
					"@executable_path/Frameworks",
					"@loader_path/Frameworks",
				);
				PRODUCT_BUNDLE_IDENTIFIER = "SLei.Tip-CalculatorUITests";
				PRODUCT_NAME = "$(TARGET_NAME)";
				SWIFT_VERSION = 5.0;
				TARGETED_DEVICE_FAMILY = "1,2";
				TEST_TARGET_NAME = "Tip Calculator";
			};
			name = Release;
		};
/* End XCBuildConfiguration section */

/* Begin XCConfigurationList section */
		E8A8EBF923D938C600A97CB3 /* Build configuration list for PBXProject "Tip Calculator" */ = {
			isa = XCConfigurationList;
			buildConfigurations = (
				E8A8EC2623D938C800A97CB3 /* Debug */,
				E8A8EC2723D938C800A97CB3 /* Release */,
			);
			defaultConfigurationIsVisible = 0;
			defaultConfigurationName = Release;
		};
		E8A8EC2823D938C800A97CB3 /* Build configuration list for PBXNativeTarget "Tip Calculator" */ = {
			isa = XCConfigurationList;
			buildConfigurations = (
				E8A8EC2923D938C800A97CB3 /* Debug */,
				E8A8EC2A23D938C800A97CB3 /* Release */,
			);
			defaultConfigurationIsVisible = 0;
			defaultConfigurationName = Release;
		};
		E8A8EC2B23D938C800A97CB3 /* Build configuration list for PBXNativeTarget "Tip CalculatorTests" */ = {
			isa = XCConfigurationList;
			buildConfigurations = (
				E8A8EC2C23D938C800A97CB3 /* Debug */,
				E8A8EC2D23D938C800A97CB3 /* Release */,
			);
			defaultConfigurationIsVisible = 0;
			defaultConfigurationName = Release;
		};
		E8A8EC2E23D938C800A97CB3 /* Build configuration list for PBXNativeTarget "Tip CalculatorUITests" */ = {
			isa = XCConfigurationList;
			buildConfigurations = (
				E8A8EC2F23D938C800A97CB3 /* Debug */,
				E8A8EC3023D938C800A97CB3 /* Release */,
			);
			defaultConfigurationIsVisible = 0;
			defaultConfigurationName = Release;
		};
/* End XCConfigurationList section */
	};
	rootObject = E8A8EBF623D938C600A97CB3 /* Project object */;
}
